
Microsoft Visual Studio Solution File, Format Version 12.00
# Visual Studio Version 17
VisualStudioVersion = 17.3.32901.215
MinimumVisualStudioVersion = 10.0.40219.1
Project("{FAE04EC0-301F-11D3-BF4B-00C04F79EFBC}") = "DBFirstGumbi", "DBFirstGumbi\DBFirstGumbi.csproj", "{6B2F1271-963A-483A-B418-CF9A11B4E04E}"
EndProject
Global
	GlobalSection(SolutionConfigurationPlatforms) = preSolution
		Debug|Any CPU = Debug|Any CPU
		Release|Any CPU = Release|Any CPU
	EndGlobalSection
	GlobalSection(ProjectConfigurationPlatforms) = postSolution
		{6B2F1271-963A-483A-B418-CF9A11B4E04E}.Debug|Any CPU.ActiveCfg = Debug|Any CPU
		{6B2F1271-963A-483A-B418-CF9A11B4E04E}.Debug|Any CPU.Build.0 = Debug|Any CPU
		{6B2F1271-963A-483A-B418-CF9A11B4E04E}.Release|Any CPU.ActiveCfg = Release|Any CPU
		{6B2F1271-963A-483A-B418-CF9A11B4E04E}.Release|Any CPU.Build.0 = Release|Any CPU
	EndGlobalSection
	GlobalSection(SolutionProperties) = preSolution
		HideSolutionNode = FALSE
	EndGlobalSection
	GlobalSection(ExtensibilityGlobals) = postSolution
		SolutionGuid = {FF7D7605-46F4-400C-8F00-7A6D709BD900}
	EndGlobalSection
EndGlobal
